repository = "github:sigil-plugins/sigil-plugin-sdk"
commit = "429f711ac81d9c78f2f15275893b3ae91092d3c9"
host_wit_sha256 = "b27f414055663431da13798fd64b683d16562b11784bb7444288d27d99a1588b"
host_wit_blake3 = "abad1012a31e87f2005eeb97690e3b5cfa183341330317089a33dca92c7ebce9"
sql_wit_sha256 = "2c30024a4df3e54fc7c6ccc5e27ea42bb05c7c63993262b652f940d54d8bfee1"
sql_wit_blake3 = "ab5b655758e21c8c482a1b0bf838ca3b5a2a448abdf869614f7fa7a39a32a834"
