repository = "github:sigil-plugins/sigil-plugin-sdk"
commit = "a54427b46583944e254ec4ac91536ea5d0d14fb3"
host_wit_sha256 = "b27f414055663431da13798fd64b683d16562b11784bb7444288d27d99a1588b"
host_wit_blake3 = "abad1012a31e87f2005eeb97690e3b5cfa183341330317089a33dca92c7ebce9"
sql_wit_sha256 = "1eed081d79af7aca61c343667b1a1d763b8be70f912d0c67f4b48d3ef0fee8f2"
sql_wit_blake3 = "62cb190b6bcf7bf9fb45a974cb4865ec462c96520b4b88eef951c6b96774d068"
